
Microsoft Visual Studio Solution File, Format Version 12.00
# Visual Studio Version 17
VisualStudioVersion = 17.10.35122.118
MinimumVisualStudioVersion = 10.0.40219.1
Project("{FAE04EC0-301F-11D3-BF4B-00C04F79EFBC}") = "CVE_SilentElevation", "CVE_SilentElevation.csproj", "{46E34D73-D4C9-442A-961D-618F94F33040}"
EndProject
Global
	GlobalSection(SolutionConfigurationPlatforms) = preSolution
		Debug|Any CPU = Debug|Any CPU
		Release|Any CPU = Release|Any CPU
	EndGlobalSection
	GlobalSection(ProjectConfigurationPlatforms) = postSolution
		{46E34D73-D4C9-442A-961D-618F94F33040}.Debug|Any CPU.ActiveCfg = Debug|Any CPU
		{46E34D73-D4C9-442A-961D-618F94F33040}.Debug|Any CPU.Build.0 = Debug|Any CPU
		{46E34D73-D4C9-442A-961D-618F94F33040}.Release|Any CPU.ActiveCfg = Release|Any CPU
		{46E34D73-D4C9-442A-961D-618F94F33040}.Release|Any CPU.Build.0 = Release|Any CPU
	EndGlobalSection
	GlobalSection(SolutionProperties) = preSolution
		HideSolutionNode = FALSE
	EndGlobalSection
	GlobalSection(ExtensibilityGlobals) = postSolution
		SolutionGuid = {E6E6F8A2-785F-450D-B699-3896DD9AC7D8}
	EndGlobalSection
EndGlobal
